
Microsoft Visual Studio Solution File, Format Version 12.00
# Visual Studio Version 17
VisualStudioVersion = 17.0.31903.59
MinimumVisualStudioVersion = 10.0.40219.1
Project("{2150E333-8FDC-42A3-9474-1A3956D46DE8}") = "01.Ages", "01.Ages", "{F0B0A0D2-E040-410D-886C-098E8243F043}"
EndProject
Project("{FAE04EC0-301F-11D3-BF4B-00C04F79EFBC}") = "01.Ages", "01.Ages\AgesApp\01.Ages.csproj", "{09020D8F-E88C-4502-9FEE-BE282A0FCFDC}"
EndProject
Project("{2150E333-8FDC-42A3-9474-1A3956D46DE8}") = "02.Division", "02.Division", "{0FB14C78-EB65-403E-AB73-4128EAAAE7EB}"
EndProject
Project("{FAE04EC0-301F-11D3-BF4B-00C04F79EFBC}") = "02.Division", "02.Division\DivisionApp\02.Division.csproj", "{2AD7002C-5062-493D-AF21-446FEDC52941}"
EndProject
Project("{2150E333-8FDC-42A3-9474-1A3956D46DE8}") = "03.Vacation", "03.Vacation", "{76632672-6AC3-449D-AFA8-F8C8736CDB63}"
EndProject
Project("{FAE04EC0-301F-11D3-BF4B-00C04F79EFBC}") = "03.Vacation", "03.Vacation\VacationApp\03.Vacation.csproj", "{BD7C9E47-1BD5-440C-97F3-A2F26BC90F54}"
EndProject
Project("{2150E333-8FDC-42A3-9474-1A3956D46DE8}") = "04.PrintAndSum", "04.PrintAndSum", "{B8444749-CBC3-4F03-BDDF-34A885B925C8}"
EndProject
Project("{FAE04EC0-301F-11D3-BF4B-00C04F79EFBC}") = "04.PrintAndSum", "04.PrintAndSum\PrintAndSumApp\04.PrintAndSum.csproj", "{A61222F3-FC45-4019-A302-8CFC74C24231}"
EndProject
Project("{2150E333-8FDC-42A3-9474-1A3956D46DE8}") = "05.Login", "05.Login", "{8ADDB4B2-05D8-403E-8607-3D00ECFB2CF2}"
EndProject
Project("{FAE04EC0-301F-11D3-BF4B-00C04F79EFBC}") = "05.Login", "05.Login\LoginApp\05.Login.csproj", "{826EF438-B3F3-4DF3-9A80-521267D508C8}"
EndProject
Project("{2150E333-8FDC-42A3-9474-1A3956D46DE8}") = "06.StrongNumber", "06.StrongNumber", "{82C2BFB5-A373-4FC3-958C-9163B3B41426}"
EndProject
Project("{FAE04EC0-301F-11D3-BF4B-00C04F79EFBC}") = "06.StrongNumber", "06.StrongNumber\StrongNumberApp\06.StrongNumber.csproj", "{53B5A62C-B070-4CCB-876C-0E67F423BD15}"
EndProject
Project("{2150E333-8FDC-42A3-9474-1A3956D46DE8}") = "07.VendingMachine", "07.VendingMachine", "{878F6E05-F2BB-4CE8-ACEF-FC25715F023B}"
EndProject
Project("{FAE04EC0-301F-11D3-BF4B-00C04F79EFBC}") = "07.VendingMachine", "07.VendingMachine\VendingMachineApp\07.VendingMachine.csproj", "{84E83DCE-0244-4DF7-AA6A-1CD1AD423E57}"
EndProject
Project("{2150E333-8FDC-42A3-9474-1A3956D46DE8}") = "08.TriangleOfNumbers", "08.TriangleOfNumbers", "{79E07CFD-23FC-427B-9A5F-D78D0EC8E20A}"
EndProject
Project("{FAE04EC0-301F-11D3-BF4B-00C04F79EFBC}") = "08.TriangleOfNumbers", "08.TriangleOfNumbers\TriangleOfNumbersApp\08.TriangleOfNumbers.csproj", "{53D49F3E-0507-4D30-B7F4-063421156B88}"
EndProject
Project("{2150E333-8FDC-42A3-9474-1A3956D46DE8}") = "09.PadawanEquipment", "09.PadawanEquipment", "{B61BB4B0-94FD-4B2A-B329-D70E130DF5F6}"
EndProject
Project("{FAE04EC0-301F-11D3-BF4B-00C04F79EFBC}") = "09.PadawanEquipment", "09.PadawanEquipment\PadawanEquipmentApp\09.PadawanEquipment.csproj", "{38B4A536-7A57-4CB9-90D4-DAEC9498E888}"
EndProject
Project("{2150E333-8FDC-42A3-9474-1A3956D46DE8}") = "10.RageExpenses", "10.RageExpenses", "{F9890B0D-6947-4B23-87C5-2A864F2B1616}"
EndProject
Project("{FAE04EC0-301F-11D3-BF4B-00C04F79EFBC}") = "10.RageExpenses", "10.RageExpenses\RageExpensesApp\10.RageExpenses.csproj", "{AFB4FD88-9E6E-4975-AEB9-3DA676132918}"
EndProject
Project("{2150E333-8FDC-42A3-9474-1A3956D46DE8}") = "11.Orders", "11.Orders", "{241FD7AB-CDC0-4E49-9899-37580D82F259}"
EndProject
Project("{FAE04EC0-301F-11D3-BF4B-00C04F79EFBC}") = "11.Orders", "11.Orders\OrdersApp\11.Orders.csproj", "{D250C726-C903-4296-8541-40BEFAE10596}"
EndProject
Global
	GlobalSection(SolutionConfigurationPlatforms) = preSolution
		Debug|Any CPU = Debug|Any CPU
		Release|Any CPU = Release|Any CPU
	EndGlobalSection
	GlobalSection(SolutionProperties) = preSolution
		HideSolutionNode = FALSE
	EndGlobalSection
	GlobalSection(ProjectConfigurationPlatforms) = postSolution
		{09020D8F-E88C-4502-9FEE-BE282A0FCFDC}.Debug|Any CPU.ActiveCfg = Debug|Any CPU
		{09020D8F-E88C-4502-9FEE-BE282A0FCFDC}.Debug|Any CPU.Build.0 = Debug|Any CPU
		{09020D8F-E88C-4502-9FEE-BE282A0FCFDC}.Release|Any CPU.ActiveCfg = Release|Any CPU
		{09020D8F-E88C-4502-9FEE-BE282A0FCFDC}.Release|Any CPU.Build.0 = Release|Any CPU
		{2AD7002C-5062-493D-AF21-446FEDC52941}.Debug|Any CPU.ActiveCfg = Debug|Any CPU
		{2AD7002C-5062-493D-AF21-446FEDC52941}.Debug|Any CPU.Build.0 = Debug|Any CPU
		{2AD7002C-5062-493D-AF21-446FEDC52941}.Release|Any CPU.ActiveCfg = Release|Any CPU
		{2AD7002C-5062-493D-AF21-446FEDC52941}.Release|Any CPU.Build.0 = Release|Any CPU
		{BD7C9E47-1BD5-440C-97F3-A2F26BC90F54}.Debug|Any CPU.ActiveCfg = Debug|Any CPU
		{BD7C9E47-1BD5-440C-97F3-A2F26BC90F54}.Debug|Any CPU.Build.0 = Debug|Any CPU
		{BD7C9E47-1BD5-440C-97F3-A2F26BC90F54}.Release|Any CPU.ActiveCfg = Release|Any CPU
		{BD7C9E47-1BD5-440C-97F3-A2F26BC90F54}.Release|Any CPU.Build.0 = Release|Any CPU
		{A61222F3-FC45-4019-A302-8CFC74C24231}.Debug|Any CPU.ActiveCfg = Debug|Any CPU
		{A61222F3-FC45-4019-A302-8CFC74C24231}.Debug|Any CPU.Build.0 = Debug|Any CPU
		{A61222F3-FC45-4019-A302-8CFC74C24231}.Release|Any CPU.ActiveCfg = Release|Any CPU
		{A61222F3-FC45-4019-A302-8CFC74C24231}.Release|Any CPU.Build.0 = Release|Any CPU
		{826EF438-B3F3-4DF3-9A80-521267D508C8}.Debug|Any CPU.ActiveCfg = Debug|Any CPU
		{826EF438-B3F3-4DF3-9A80-521267D508C8}.Debug|Any CPU.Build.0 = Debug|Any CPU
		{826EF438-B3F3-4DF3-9A80-521267D508C8}.Release|Any CPU.ActiveCfg = Release|Any CPU
		{826EF438-B3F3-4DF3-9A80-521267D508C8}.Release|Any CPU.Build.0 = Release|Any CPU
		{53B5A62C-B070-4CCB-876C-0E67F423BD15}.Debug|Any CPU.ActiveCfg = Debug|Any CPU
		{53B5A62C-B070-4CCB-876C-0E67F423BD15}.Debug|Any CPU.Build.0 = Debug|Any CPU
		{53B5A62C-B070-4CCB-876C-0E67F423BD15}.Release|Any CPU.ActiveCfg = Release|Any CPU
		{53B5A62C-B070-4CCB-876C-0E67F423BD15}.Release|Any CPU.Build.0 = Release|Any CPU
		{84E83DCE-0244-4DF7-AA6A-1CD1AD423E57}.Debug|Any CPU.ActiveCfg = Debug|Any CPU
		{84E83DCE-0244-4DF7-AA6A-1CD1AD423E57}.Debug|Any CPU.Build.0 = Debug|Any CPU
		{84E83DCE-0244-4DF7-AA6A-1CD1AD423E57}.Release|Any CPU.ActiveCfg = Release|Any CPU
		{84E83DCE-0244-4DF7-AA6A-1CD1AD423E57}.Release|Any CPU.Build.0 = Release|Any CPU
		{53D49F3E-0507-4D30-B7F4-063421156B88}.Debug|Any CPU.ActiveCfg = Debug|Any CPU
		{53D49F3E-0507-4D30-B7F4-063421156B88}.Debug|Any CPU.Build.0 = Debug|Any CPU
		{53D49F3E-0507-4D30-B7F4-063421156B88}.Release|Any CPU.ActiveCfg = Release|Any CPU
		{53D49F3E-0507-4D30-B7F4-063421156B88}.Release|Any CPU.Build.0 = Release|Any CPU
		{38B4A536-7A57-4CB9-90D4-DAEC9498E888}.Debug|Any CPU.ActiveCfg = Debug|Any CPU
		{38B4A536-7A57-4CB9-90D4-DAEC9498E888}.Debug|Any CPU.Build.0 = Debug|Any CPU
		{38B4A536-7A57-4CB9-90D4-DAEC9498E888}.Release|Any CPU.ActiveCfg = Release|Any CPU
		{38B4A536-7A57-4CB9-90D4-DAEC9498E888}.Release|Any CPU.Build.0 = Release|Any CPU
		{AFB4FD88-9E6E-4975-AEB9-3DA676132918}.Debug|Any CPU.ActiveCfg = Debug|Any CPU
		{AFB4FD88-9E6E-4975-AEB9-3DA676132918}.Debug|Any CPU.Build.0 = Debug|Any CPU
		{AFB4FD88-9E6E-4975-AEB9-3DA676132918}.Release|Any CPU.ActiveCfg = Release|Any CPU
		{AFB4FD88-9E6E-4975-AEB9-3DA676132918}.Release|Any CPU.Build.0 = Release|Any CPU
		{D250C726-C903-4296-8541-40BEFAE10596}.Debug|Any CPU.ActiveCfg = Debug|Any CPU
		{D250C726-C903-4296-8541-40BEFAE10596}.Debug|Any CPU.Build.0 = Debug|Any CPU
		{D250C726-C903-4296-8541-40BEFAE10596}.Release|Any CPU.ActiveCfg = Release|Any CPU
		{D250C726-C903-4296-8541-40BEFAE10596}.Release|Any CPU.Build.0 = Release|Any CPU
	EndGlobalSection
	GlobalSection(NestedProjects) = preSolution
		{09020D8F-E88C-4502-9FEE-BE282A0FCFDC} = {F0B0A0D2-E040-410D-886C-098E8243F043}
		{2AD7002C-5062-493D-AF21-446FEDC52941} = {0FB14C78-EB65-403E-AB73-4128EAAAE7EB}
		{BD7C9E47-1BD5-440C-97F3-A2F26BC90F54} = {76632672-6AC3-449D-AFA8-F8C8736CDB63}
		{A61222F3-FC45-4019-A302-8CFC74C24231} = {B8444749-CBC3-4F03-BDDF-34A885B925C8}
		{826EF438-B3F3-4DF3-9A80-521267D508C8} = {8ADDB4B2-05D8-403E-8607-3D00ECFB2CF2}
		{53B5A62C-B070-4CCB-876C-0E67F423BD15} = {82C2BFB5-A373-4FC3-958C-9163B3B41426}
		{84E83DCE-0244-4DF7-AA6A-1CD1AD423E57} = {878F6E05-F2BB-4CE8-ACEF-FC25715F023B}
		{53D49F3E-0507-4D30-B7F4-063421156B88} = {79E07CFD-23FC-427B-9A5F-D78D0EC8E20A}
		{38B4A536-7A57-4CB9-90D4-DAEC9498E888} = {B61BB4B0-94FD-4B2A-B329-D70E130DF5F6}
		{AFB4FD88-9E6E-4975-AEB9-3DA676132918} = {F9890B0D-6947-4B23-87C5-2A864F2B1616}
		{D250C726-C903-4296-8541-40BEFAE10596} = {241FD7AB-CDC0-4E49-9899-37580D82F259}
	EndGlobalSection
EndGlobal
